
Microsoft Visual Studio Solution File, Format Version 12.00
# Visual Studio Version 16
VisualStudioVersion = 16.0.29806.167
MinimumVisualStudioVersion = 10.0.40219.1
Project("{FAE04EC0-301F-11D3-BF4B-00C04F79EFBC}") = "WeatherAPI2", "WeatherAPI2\WeatherAPI2.csproj", "{59D1597B-6357-4481-8BAE-EC91BF30B063}"
EndProject
Global
	GlobalSection(SolutionConfigurationPlatforms) = preSolution
		Debug|Any CPU = Debug|Any CPU
		Release|Any CPU = Release|Any CPU
	EndGlobalSection
	GlobalSection(ProjectConfigurationPlatforms) = postSolution
		{59D1597B-6357-4481-8BAE-EC91BF30B063}.Debug|Any CPU.ActiveCfg = Debug|Any CPU
		{59D1597B-6357-4481-8BAE-EC91BF30B063}.Debug|Any CPU.Build.0 = Debug|Any CPU
		{59D1597B-6357-4481-8BAE-EC91BF30B063}.Release|Any CPU.ActiveCfg = Release|Any CPU
		{59D1597B-6357-4481-8BAE-EC91BF30B063}.Release|Any CPU.Build.0 = Release|Any CPU
	EndGlobalSection
	GlobalSection(SolutionProperties) = preSolution
		HideSolutionNode = FALSE
	EndGlobalSection
	GlobalSection(ExtensibilityGlobals) = postSolution
		SolutionGuid = {9654108B-1997-4D15-A39C-29E9E7115AD4}
	EndGlobalSection
EndGlobal
